
Microsoft Visual Studio Solution File, Format Version 12.00
# Visual Studio Version 17
VisualStudioVersion = 17.3.32929.385
MinimumVisualStudioVersion = 10.0.40219.1
Project("{9A19103F-16F7-4668-BE54-9A1E7A4F7556}") = "TodoList.Api", "TodoList.Api.csproj", "{F12CA249-6EFE-45FD-92AD-42B4947AED93}"
EndProject
Project("{9A19103F-16F7-4668-BE54-9A1E7A4F7556}") = "Domain", "..\Domain\Domain.csproj", "{4EEAD845-32C3-4501-A801-A112007AFB7C}"
EndProject
Project("{9A19103F-16F7-4668-BE54-9A1E7A4F7556}") = "Infrastructure.Persistence", "..\Infrastructure.Persistence\Infrastructure.Persistence.csproj", "{20E23F84-CCF0-4B8D-B31F-0444E331DB77}"
EndProject
Project("{9A19103F-16F7-4668-BE54-9A1E7A4F7556}") = "Infrastructure.Persistence.Core", "..\Persistence.Core\Infrastructure.Persistence.Core.csproj", "{0508F412-C124-4D00-A8D0-EDC52A550D1E}"
EndProject
Project("{9A19103F-16F7-4668-BE54-9A1E7A4F7556}") = "Core", "..\Core\Core.csproj", "{CDE4ABD1-E54B-4042-AC15-8FD23B53CB00}"
EndProject
Project("{9A19103F-16F7-4668-BE54-9A1E7A4F7556}") = "Application.Services", "..\Application.Services\Application.Services.csproj", "{522ADA92-2081-4F2D-98CE-84A44385D397}"
EndProject
Project("{9A19103F-16F7-4668-BE54-9A1E7A4F7556}") = "Query.interfaces", "..\Query.interfaces\Query.interfaces.csproj", "{4AF5ED20-295A-4D51-98B1-2D3A6366E1E2}"
EndProject
Project("{9A19103F-16F7-4668-BE54-9A1E7A4F7556}") = "Query.Services", "..\Query.Services\Query.Services.csproj", "{7590870E-2CF3-49BC-9FDA-146E08AEE6E7}"
EndProject
Project("{9A19103F-16F7-4668-BE54-9A1E7A4F7556}") = "Application.Services.Modules", "..\Application.Services.Modules\Application.Services.Modules.csproj", "{126EC25C-38A9-4050-A760-CCAF56A30C5F}"
EndProject
Project("{9A19103F-16F7-4668-BE54-9A1E7A4F7556}") = "TodoList.Api.Tests", "..\TodoList.Api.Tests\TodoList.Api.Tests.csproj", "{F868CDAE-9461-4167-B34C-CBF08D2DACBC}"
EndProject
Project("{2150E333-8FDC-42A3-9474-1A3956D46DE8}") = "App", "App", "{C3AFF86D-49A0-489F-985C-22F693E8D9E4}"
EndProject
Project("{2150E333-8FDC-42A3-9474-1A3956D46DE8}") = "Tests", "Tests", "{B6D78867-DC9E-445D-BF2C-2277175D519C}"
EndProject
Project("{FAE04EC0-301F-11D3-BF4B-00C04F79EFBC}") = "Application.Services.Tests", "..\Application.Services.Tests\Application.Services.Tests.csproj", "{B93BF26D-3CEC-4E33-AD35-77137291ECFF}"
EndProject
Project("{FAE04EC0-301F-11D3-BF4B-00C04F79EFBC}") = "Application.Domain.Tests", "..\Application.Domain.Tests\Application.Domain.Tests.csproj", "{067886D1-7344-4C24-8A08-E7DFD565EF2A}"
EndProject
Project("{FAE04EC0-301F-11D3-BF4B-00C04F79EFBC}") = "Infrastructure.Persistence.Tests", "..\Infrastructure.Persistence.Tests\Infrastructure.Persistence.Tests.csproj", "{C6E26230-F161-4961-A10E-EE4BD9D16645}"
EndProject
Project("{FAE04EC0-301F-11D3-BF4B-00C04F79EFBC}") = "Query.Services.Tests", "..\Query.Services.Tests\Query.Services.Tests.csproj", "{715C2656-A50D-4968-BBE4-37E2905959F4}"
EndProject
Global
	GlobalSection(SolutionConfigurationPlatforms) = preSolution
		Debug|Any CPU = Debug|Any CPU
		Release|Any CPU = Release|Any CPU
	EndGlobalSection
	GlobalSection(ProjectConfigurationPlatforms) = postSolution
		{F12CA249-6EFE-45FD-92AD-42B4947AED93}.Debug|Any CPU.ActiveCfg = Debug|Any CPU
		{F12CA249-6EFE-45FD-92AD-42B4947AED93}.Debug|Any CPU.Build.0 = Debug|Any CPU
		{F12CA249-6EFE-45FD-92AD-42B4947AED93}.Release|Any CPU.ActiveCfg = Release|Any CPU
		{F12CA249-6EFE-45FD-92AD-42B4947AED93}.Release|Any CPU.Build.0 = Release|Any CPU
		{4EEAD845-32C3-4501-A801-A112007AFB7C}.Debug|Any CPU.ActiveCfg = Debug|Any CPU
		{4EEAD845-32C3-4501-A801-A112007AFB7C}.Debug|Any CPU.Build.0 = Debug|Any CPU
		{4EEAD845-32C3-4501-A801-A112007AFB7C}.Release|Any CPU.ActiveCfg = Release|Any CPU
		{4EEAD845-32C3-4501-A801-A112007AFB7C}.Release|Any CPU.Build.0 = Release|Any CPU
		{20E23F84-CCF0-4B8D-B31F-0444E331DB77}.Debug|Any CPU.ActiveCfg = Debug|Any CPU
		{20E23F84-CCF0-4B8D-B31F-0444E331DB77}.Debug|Any CPU.Build.0 = Debug|Any CPU
		{20E23F84-CCF0-4B8D-B31F-0444E331DB77}.Release|Any CPU.ActiveCfg = Release|Any CPU
		{20E23F84-CCF0-4B8D-B31F-0444E331DB77}.Release|Any CPU.Build.0 = Release|Any CPU
		{0508F412-C124-4D00-A8D0-EDC52A550D1E}.Debug|Any CPU.ActiveCfg = Debug|Any CPU
		{0508F412-C124-4D00-A8D0-EDC52A550D1E}.Debug|Any CPU.Build.0 = Debug|Any CPU
		{0508F412-C124-4D00-A8D0-EDC52A550D1E}.Release|Any CPU.ActiveCfg = Release|Any CPU
		{0508F412-C124-4D00-A8D0-EDC52A550D1E}.Release|Any CPU.Build.0 = Release|Any CPU
		{CDE4ABD1-E54B-4042-AC15-8FD23B53CB00}.Debug|Any CPU.ActiveCfg = Debug|Any CPU
		{CDE4ABD1-E54B-4042-AC15-8FD23B53CB00}.Debug|Any CPU.Build.0 = Debug|Any CPU
		{CDE4ABD1-E54B-4042-AC15-8FD23B53CB00}.Release|Any CPU.ActiveCfg = Release|Any CPU
		{CDE4ABD1-E54B-4042-AC15-8FD23B53CB00}.Release|Any CPU.Build.0 = Release|Any CPU
		{522ADA92-2081-4F2D-98CE-84A44385D397}.Debug|Any CPU.ActiveCfg = Debug|Any CPU
		{522ADA92-2081-4F2D-98CE-84A44385D397}.Debug|Any CPU.Build.0 = Debug|Any CPU
		{522ADA92-2081-4F2D-98CE-84A44385D397}.Release|Any CPU.ActiveCfg = Release|Any CPU
		{522ADA92-2081-4F2D-98CE-84A44385D397}.Release|Any CPU.Build.0 = Release|Any CPU
		{4AF5ED20-295A-4D51-98B1-2D3A6366E1E2}.Debug|Any CPU.ActiveCfg = Debug|Any CPU
		{4AF5ED20-295A-4D51-98B1-2D3A6366E1E2}.Debug|Any CPU.Build.0 = Debug|Any CPU
		{4AF5ED20-295A-4D51-98B1-2D3A6366E1E2}.Release|Any CPU.ActiveCfg = Release|Any CPU
		{4AF5ED20-295A-4D51-98B1-2D3A6366E1E2}.Release|Any CPU.Build.0 = Release|Any CPU
		{7590870E-2CF3-49BC-9FDA-146E08AEE6E7}.Debug|Any CPU.ActiveCfg = Debug|Any CPU
		{7590870E-2CF3-49BC-9FDA-146E08AEE6E7}.Debug|Any CPU.Build.0 = Debug|Any CPU
		{7590870E-2CF3-49BC-9FDA-146E08AEE6E7}.Release|Any CPU.ActiveCfg = Release|Any CPU
		{7590870E-2CF3-49BC-9FDA-146E08AEE6E7}.Release|Any CPU.Build.0 = Release|Any CPU
		{126EC25C-38A9-4050-A760-CCAF56A30C5F}.Debug|Any CPU.ActiveCfg = Debug|Any CPU
		{126EC25C-38A9-4050-A760-CCAF56A30C5F}.Debug|Any CPU.Build.0 = Debug|Any CPU
		{126EC25C-38A9-4050-A760-CCAF56A30C5F}.Release|Any CPU.ActiveCfg = Release|Any CPU
		{126EC25C-38A9-4050-A760-CCAF56A30C5F}.Release|Any CPU.Build.0 = Release|Any CPU
		{F868CDAE-9461-4167-B34C-CBF08D2DACBC}.Debug|Any CPU.ActiveCfg = Debug|Any CPU
		{F868CDAE-9461-4167-B34C-CBF08D2DACBC}.Debug|Any CPU.Build.0 = Debug|Any CPU
		{F868CDAE-9461-4167-B34C-CBF08D2DACBC}.Release|Any CPU.ActiveCfg = Release|Any CPU
		{F868CDAE-9461-4167-B34C-CBF08D2DACBC}.Release|Any CPU.Build.0 = Release|Any CPU
		{B93BF26D-3CEC-4E33-AD35-77137291ECFF}.Debug|Any CPU.ActiveCfg = Debug|Any CPU
		{B93BF26D-3CEC-4E33-AD35-77137291ECFF}.Debug|Any CPU.Build.0 = Debug|Any CPU
		{B93BF26D-3CEC-4E33-AD35-77137291ECFF}.Release|Any CPU.ActiveCfg = Release|Any CPU
		{B93BF26D-3CEC-4E33-AD35-77137291ECFF}.Release|Any CPU.Build.0 = Release|Any CPU
		{067886D1-7344-4C24-8A08-E7DFD565EF2A}.Debug|Any CPU.ActiveCfg = Debug|Any CPU
		{067886D1-7344-4C24-8A08-E7DFD565EF2A}.Debug|Any CPU.Build.0 = Debug|Any CPU
		{067886D1-7344-4C24-8A08-E7DFD565EF2A}.Release|Any CPU.ActiveCfg = Release|Any CPU
		{067886D1-7344-4C24-8A08-E7DFD565EF2A}.Release|Any CPU.Build.0 = Release|Any CPU
		{C6E26230-F161-4961-A10E-EE4BD9D16645}.Debug|Any CPU.ActiveCfg = Debug|Any CPU
		{C6E26230-F161-4961-A10E-EE4BD9D16645}.Debug|Any CPU.Build.0 = Debug|Any CPU
		{C6E26230-F161-4961-A10E-EE4BD9D16645}.Release|Any CPU.ActiveCfg = Release|Any CPU
		{C6E26230-F161-4961-A10E-EE4BD9D16645}.Release|Any CPU.Build.0 = Release|Any CPU
		{715C2656-A50D-4968-BBE4-37E2905959F4}.Debug|Any CPU.ActiveCfg = Debug|Any CPU
		{715C2656-A50D-4968-BBE4-37E2905959F4}.Debug|Any CPU.Build.0 = Debug|Any CPU
		{715C2656-A50D-4968-BBE4-37E2905959F4}.Release|Any CPU.ActiveCfg = Release|Any CPU
		{715C2656-A50D-4968-BBE4-37E2905959F4}.Release|Any CPU.Build.0 = Release|Any CPU
	EndGlobalSection
	GlobalSection(SolutionProperties) = preSolution
		HideSolutionNode = FALSE
	EndGlobalSection
	GlobalSection(NestedProjects) = preSolution
		{F12CA249-6EFE-45FD-92AD-42B4947AED93} = {C3AFF86D-49A0-489F-985C-22F693E8D9E4}
		{4EEAD845-32C3-4501-A801-A112007AFB7C} = {C3AFF86D-49A0-489F-985C-22F693E8D9E4}
		{20E23F84-CCF0-4B8D-B31F-0444E331DB77} = {C3AFF86D-49A0-489F-985C-22F693E8D9E4}
		{0508F412-C124-4D00-A8D0-EDC52A550D1E} = {C3AFF86D-49A0-489F-985C-22F693E8D9E4}
		{CDE4ABD1-E54B-4042-AC15-8FD23B53CB00} = {C3AFF86D-49A0-489F-985C-22F693E8D9E4}
		{522ADA92-2081-4F2D-98CE-84A44385D397} = {C3AFF86D-49A0-489F-985C-22F693E8D9E4}
		{4AF5ED20-295A-4D51-98B1-2D3A6366E1E2} = {C3AFF86D-49A0-489F-985C-22F693E8D9E4}
		{7590870E-2CF3-49BC-9FDA-146E08AEE6E7} = {C3AFF86D-49A0-489F-985C-22F693E8D9E4}
		{126EC25C-38A9-4050-A760-CCAF56A30C5F} = {C3AFF86D-49A0-489F-985C-22F693E8D9E4}
		{F868CDAE-9461-4167-B34C-CBF08D2DACBC} = {B6D78867-DC9E-445D-BF2C-2277175D519C}
		{B93BF26D-3CEC-4E33-AD35-77137291ECFF} = {B6D78867-DC9E-445D-BF2C-2277175D519C}
		{067886D1-7344-4C24-8A08-E7DFD565EF2A} = {B6D78867-DC9E-445D-BF2C-2277175D519C}
		{C6E26230-F161-4961-A10E-EE4BD9D16645} = {B6D78867-DC9E-445D-BF2C-2277175D519C}
		{715C2656-A50D-4968-BBE4-37E2905959F4} = {B6D78867-DC9E-445D-BF2C-2277175D519C}
	EndGlobalSection
	GlobalSection(ExtensibilityGlobals) = postSolution
		SolutionGuid = {AF67BE3C-56D7-40D5-85ED-34324DEC4E1F}
	EndGlobalSection
EndGlobal
